
Microsoft Visual Studio Solution File, Format Version 12.00
# Visual Studio Version 17
VisualStudioVersion = 17.4.33403.182
MinimumVisualStudioVersion = 10.0.40219.1
Project("{9A19103F-16F7-4668-BE54-9A1E7A4F7556}") = "RedeSocial_infnet.API", "RedeSocial_infnet.API\RedeSocial_infnet.API.csproj", "{3E9F1CFE-A486-4CCE-8751-82692A0F2A6D}"
	ProjectSection(ProjectDependencies) = postProject
		{499F9D3F-2679-435A-87FD-68D2D1B6CCF3} = {499F9D3F-2679-435A-87FD-68D2D1B6CCF3}
	EndProjectSection
EndProject
Project("{9A19103F-16F7-4668-BE54-9A1E7A4F7556}") = "RedeSocial_infnet.Domain", "RedeSocial_infnet.Domain\RedeSocial_infnet.Domain.csproj", "{499F9D3F-2679-435A-87FD-68D2D1B6CCF3}"
EndProject
Project("{9A19103F-16F7-4668-BE54-9A1E7A4F7556}") = "RedeSocial_infnet.Service", "RedeSocial_infnet.Service\RedeSocial_infnet.Service.csproj", "{ECD4A103-CE7C-4455-B886-4A4E9D213B1E}"
	ProjectSection(ProjectDependencies) = postProject
		{499F9D3F-2679-435A-87FD-68D2D1B6CCF3} = {499F9D3F-2679-435A-87FD-68D2D1B6CCF3}
	EndProjectSection
EndProject
Project("{9A19103F-16F7-4668-BE54-9A1E7A4F7556}") = "RedeSocial_infnet.MVC", "RedeSocial_infnet.MVC\RedeSocial_infnet.MVC.csproj", "{9CA75792-E6FB-4BE8-8195-0F36645E2487}"
	ProjectSection(ProjectDependencies) = postProject
		{3E9F1CFE-A486-4CCE-8751-82692A0F2A6D} = {3E9F1CFE-A486-4CCE-8751-82692A0F2A6D}
		{499F9D3F-2679-435A-87FD-68D2D1B6CCF3} = {499F9D3F-2679-435A-87FD-68D2D1B6CCF3}
		{ECD4A103-CE7C-4455-B886-4A4E9D213B1E} = {ECD4A103-CE7C-4455-B886-4A4E9D213B1E}
	EndProjectSection
EndProject
Global
	GlobalSection(SolutionConfigurationPlatforms) = preSolution
		Debug|Any CPU = Debug|Any CPU
		Release|Any CPU = Release|Any CPU
	EndGlobalSection
	GlobalSection(ProjectConfigurationPlatforms) = postSolution
		{3E9F1CFE-A486-4CCE-8751-82692A0F2A6D}.Debug|Any CPU.ActiveCfg = Debug|Any CPU
		{3E9F1CFE-A486-4CCE-8751-82692A0F2A6D}.Debug|Any CPU.Build.0 = Debug|Any CPU
		{3E9F1CFE-A486-4CCE-8751-82692A0F2A6D}.Release|Any CPU.ActiveCfg = Release|Any CPU
		{3E9F1CFE-A486-4CCE-8751-82692A0F2A6D}.Release|Any CPU.Build.0 = Release|Any CPU
		{499F9D3F-2679-435A-87FD-68D2D1B6CCF3}.Debug|Any CPU.ActiveCfg = Debug|Any CPU
		{499F9D3F-2679-435A-87FD-68D2D1B6CCF3}.Debug|Any CPU.Build.0 = Debug|Any CPU
		{499F9D3F-2679-435A-87FD-68D2D1B6CCF3}.Release|Any CPU.ActiveCfg = Release|Any CPU
		{499F9D3F-2679-435A-87FD-68D2D1B6CCF3}.Release|Any CPU.Build.0 = Release|Any CPU
		{ECD4A103-CE7C-4455-B886-4A4E9D213B1E}.Debug|Any CPU.ActiveCfg = Debug|Any CPU
		{ECD4A103-CE7C-4455-B886-4A4E9D213B1E}.Debug|Any CPU.Build.0 = Debug|Any CPU
		{ECD4A103-CE7C-4455-B886-4A4E9D213B1E}.Release|Any CPU.ActiveCfg = Release|Any CPU
		{ECD4A103-CE7C-4455-B886-4A4E9D213B1E}.Release|Any CPU.Build.0 = Release|Any CPU
		{9CA75792-E6FB-4BE8-8195-0F36645E2487}.Debug|Any CPU.ActiveCfg = Debug|Any CPU
		{9CA75792-E6FB-4BE8-8195-0F36645E2487}.Debug|Any CPU.Build.0 = Debug|Any CPU
		{9CA75792-E6FB-4BE8-8195-0F36645E2487}.Release|Any CPU.ActiveCfg = Release|Any CPU
		{9CA75792-E6FB-4BE8-8195-0F36645E2487}.Release|Any CPU.Build.0 = Release|Any CPU
	EndGlobalSection
	GlobalSection(SolutionProperties) = preSolution
		HideSolutionNode = FALSE
	EndGlobalSection
	GlobalSection(ExtensibilityGlobals) = postSolution
		SolutionGuid = {6938A86E-E718-43B3-B77F-12EA4A76B5B2}
	EndGlobalSection
EndGlobal
